
Microsoft Visual Studio Solution File, Format Version 12.00
# Visual Studio 14
VisualStudioVersion = 14.0.25420.1
MinimumVisualStudioVersion = 10.0.40219.1
Project("{FAE04EC0-301F-11D3-BF4B-00C04F79EFBC}") = "ClickTwice.UpdateManager", "ClickTwice.UpdateManager\ClickTwice.UpdateManager.csproj", "{27FECEED-7288-46CD-B2F2-A40936EFA312}"
EndProject
Project("{FAE04EC0-301F-11D3-BF4B-00C04F79EFBC}") = "ClickTwice.Publisher.Core", "ClickTwice.Publisher.Core\ClickTwice.Publisher.Core.csproj", "{AF189ADC-D4A9-4A30-AA12-D5CFD96523BE}"
EndProject
Project("{FAE04EC0-301F-11D3-BF4B-00C04F79EFBC}") = "TestApp", "TestApp\TestApp.csproj", "{8A9EF8F0-60EC-4DDF-A89F-271B382E910C}"
EndProject
Project("{FAE04EC0-301F-11D3-BF4B-00C04F79EFBC}") = "ClickTwice.Handlers.AppDetailsPage", "ClickTwice.Handlers.AppDetailsPage\ClickTwice.Handlers.AppDetailsPage.csproj", "{0D7CFAB8-AB4B-4DD7-8B74-96BBCB81F48F}"
EndProject
Project("{FAE04EC0-301F-11D3-BF4B-00C04F79EFBC}") = "ClickTwice.CommandLine", "ClickTwice.CommandLine\ClickTwice.CommandLine.csproj", "{8265F22F-8451-42D8-B0B7-9BBB537FF4D3}"
EndProject
Project("{FAE04EC0-301F-11D3-BF4B-00C04F79EFBC}") = "Cake.ClickTwice", "Cake.ClickTwice\Cake.ClickTwice.csproj", "{56941755-0CE6-46E3-BA6F-4450F9C0AE68}"
EndProject
Project("{FAE04EC0-301F-11D3-BF4B-00C04F79EFBC}") = "Cake.ClickTwice.Tests", "Cake.ClickTwice.Tests\Cake.ClickTwice.Tests.csproj", "{EA73B387-5F21-417B-9C73-B7AA51EA82E6}"
EndProject
Project("{FAE04EC0-301F-11D3-BF4B-00C04F79EFBC}") = "ClickTwice.Publisher.MSBuild", "ClickTwice.Publisher.MSBuild\ClickTwice.Publisher.MSBuild.csproj", "{A0A4508D-C0B8-4F18-A61F-7D5B98E0AEF6}"
EndProject
Project("{FAE04EC0-301F-11D3-BF4B-00C04F79EFBC}") = "ScriptCs.ClickTwice", "ScriptCs.ClickTwice\ScriptCs.ClickTwice.csproj", "{BB0E350D-E8F5-4DEB-BAA9-14EDA2C8D6DF}"
EndProject
Project("{2150E333-8FDC-42A3-9474-1A3956D46DE8}") = "Solution Items", "Solution Items", "{1F3E8334-9574-42FB-8E26-DDD54482FF34}"
	ProjectSection(SolutionItems) = preProject
		..\build.cake = ..\build.cake
		..\build.ps1 = ..\build.ps1
		..\ReleaseNotes.md = ..\ReleaseNotes.md
		..\usage.cake = ..\usage.cake
		..\usage.csx = ..\usage.csx
	EndProjectSection
EndProject
Global
	GlobalSection(SolutionConfigurationPlatforms) = preSolution
		Debug|Any CPU = Debug|Any CPU
		Release|Any CPU = Release|Any CPU
	EndGlobalSection
	GlobalSection(ProjectConfigurationPlatforms) = postSolution
		{27FECEED-7288-46CD-B2F2-A40936EFA312}.Debug|Any CPU.ActiveCfg = Debug|Any CPU
		{27FECEED-7288-46CD-B2F2-A40936EFA312}.Debug|Any CPU.Build.0 = Debug|Any CPU
		{27FECEED-7288-46CD-B2F2-A40936EFA312}.Release|Any CPU.ActiveCfg = Release|Any CPU
		{27FECEED-7288-46CD-B2F2-A40936EFA312}.Release|Any CPU.Build.0 = Release|Any CPU
		{AF189ADC-D4A9-4A30-AA12-D5CFD96523BE}.Debug|Any CPU.ActiveCfg = Debug|Any CPU
		{AF189ADC-D4A9-4A30-AA12-D5CFD96523BE}.Debug|Any CPU.Build.0 = Debug|Any CPU
		{AF189ADC-D4A9-4A30-AA12-D5CFD96523BE}.Release|Any CPU.ActiveCfg = Release|Any CPU
		{AF189ADC-D4A9-4A30-AA12-D5CFD96523BE}.Release|Any CPU.Build.0 = Release|Any CPU
		{8A9EF8F0-60EC-4DDF-A89F-271B382E910C}.Debug|Any CPU.ActiveCfg = Debug|Any CPU
		{8A9EF8F0-60EC-4DDF-A89F-271B382E910C}.Debug|Any CPU.Build.0 = Debug|Any CPU
		{8A9EF8F0-60EC-4DDF-A89F-271B382E910C}.Release|Any CPU.ActiveCfg = Release|Any CPU
		{8A9EF8F0-60EC-4DDF-A89F-271B382E910C}.Release|Any CPU.Build.0 = Release|Any CPU
		{0D7CFAB8-AB4B-4DD7-8B74-96BBCB81F48F}.Debug|Any CPU.ActiveCfg = Debug|Any CPU
		{0D7CFAB8-AB4B-4DD7-8B74-96BBCB81F48F}.Debug|Any CPU.Build.0 = Debug|Any CPU
		{0D7CFAB8-AB4B-4DD7-8B74-96BBCB81F48F}.Release|Any CPU.ActiveCfg = Release|Any CPU
		{0D7CFAB8-AB4B-4DD7-8B74-96BBCB81F48F}.Release|Any CPU.Build.0 = Release|Any CPU
		{8265F22F-8451-42D8-B0B7-9BBB537FF4D3}.Debug|Any CPU.ActiveCfg = Debug|Any CPU
		{8265F22F-8451-42D8-B0B7-9BBB537FF4D3}.Debug|Any CPU.Build.0 = Debug|Any CPU
		{8265F22F-8451-42D8-B0B7-9BBB537FF4D3}.Release|Any CPU.ActiveCfg = Release|Any CPU
		{8265F22F-8451-42D8-B0B7-9BBB537FF4D3}.Release|Any CPU.Build.0 = Release|Any CPU
		{56941755-0CE6-46E3-BA6F-4450F9C0AE68}.Debug|Any CPU.ActiveCfg = Debug|Any CPU
		{56941755-0CE6-46E3-BA6F-4450F9C0AE68}.Debug|Any CPU.Build.0 = Debug|Any CPU
		{56941755-0CE6-46E3-BA6F-4450F9C0AE68}.Release|Any CPU.ActiveCfg = Release|Any CPU
		{56941755-0CE6-46E3-BA6F-4450F9C0AE68}.Release|Any CPU.Build.0 = Release|Any CPU
		{EA73B387-5F21-417B-9C73-B7AA51EA82E6}.Debug|Any CPU.ActiveCfg = Debug|Any CPU
		{EA73B387-5F21-417B-9C73-B7AA51EA82E6}.Debug|Any CPU.Build.0 = Debug|Any CPU
		{EA73B387-5F21-417B-9C73-B7AA51EA82E6}.Release|Any CPU.ActiveCfg = Release|Any CPU
		{EA73B387-5F21-417B-9C73-B7AA51EA82E6}.Release|Any CPU.Build.0 = Release|Any CPU
		{A0A4508D-C0B8-4F18-A61F-7D5B98E0AEF6}.Debug|Any CPU.ActiveCfg = Debug|Any CPU
		{A0A4508D-C0B8-4F18-A61F-7D5B98E0AEF6}.Debug|Any CPU.Build.0 = Debug|Any CPU
		{A0A4508D-C0B8-4F18-A61F-7D5B98E0AEF6}.Release|Any CPU.ActiveCfg = Release|Any CPU
		{A0A4508D-C0B8-4F18-A61F-7D5B98E0AEF6}.Release|Any CPU.Build.0 = Release|Any CPU
		{BB0E350D-E8F5-4DEB-BAA9-14EDA2C8D6DF}.Debug|Any CPU.ActiveCfg = Debug|Any CPU
		{BB0E350D-E8F5-4DEB-BAA9-14EDA2C8D6DF}.Debug|Any CPU.Build.0 = Debug|Any CPU
		{BB0E350D-E8F5-4DEB-BAA9-14EDA2C8D6DF}.Release|Any CPU.ActiveCfg = Release|Any CPU
		{BB0E350D-E8F5-4DEB-BAA9-14EDA2C8D6DF}.Release|Any CPU.Build.0 = Release|Any CPU
	EndGlobalSection
	GlobalSection(SolutionProperties) = preSolution
		HideSolutionNode = FALSE
	EndGlobalSection
EndGlobal
